
Microsoft Visual Studio Solution File, Format Version 12.00
# Visual Studio 14
VisualStudioVersion = 14.0.25420.1
MinimumVisualStudioVersion = 10.0.40219.1
Project("{FAE04EC0-301F-11D3-BF4B-00C04F79EFBC}") = "BAH.BOS.Extension", "BAH.BOS.Extension\BAH.BOS.Extension.csproj", "{FFCCD361-FE4B-4D7E-AC0C-F34E7DD88265}"
EndProject
Project("{FAE04EC0-301F-11D3-BF4B-00C04F79EFBC}") = "BAH.Extension", "BAH.Extension\BAH.Extension.csproj", "{FC1D4EA0-41E9-4AB0-8297-1E33CA0D3631}"
EndProject
Project("{FAE04EC0-301F-11D3-BF4B-00C04F79EFBC}") = "BAH.BOS.Core.Extension", "BAH.BOS.Core.Extension\BAH.BOS.Core.Extension.csproj", "{772A1320-7545-44A1-AB77-E8FF01760FAE}"
EndProject
Project("{FAE04EC0-301F-11D3-BF4B-00C04F79EFBC}") = "BAH.BOS.WebAPI.ServiceStub", "BAH.BOS.WebAPI.ServiceStub\BAH.BOS.WebAPI.ServiceStub.csproj", "{252B376D-C9FB-4059-9D8F-E097EAAC3490}"
EndProject
Project("{2150E333-8FDC-42A3-9474-1A3956D46DE8}") = "Solution Items", "Solution Items", "{106A8934-4B92-48DD-94D5-C70A25096501}"
	ProjectSection(SolutionItems) = preProject
		a0 delete all pdb files.cmd = a0 delete all pdb files.cmd
	EndProjectSection
EndProject
Project("{FAE04EC0-301F-11D3-BF4B-00C04F79EFBC}") = "BAH.BOS.Core", "BAH.BOS.Core\BAH.BOS.Core.csproj", "{74B1F6BC-3C44-49CB-9C43-E22D05CF7839}"
EndProject
Project("{FAE04EC0-301F-11D3-BF4B-00C04F79EFBC}") = "BAH.BOS.App.Extension", "BAH.BOS.App.Extension\BAH.BOS.App.Extension.csproj", "{329853EF-E77F-4329-99E8-E6F1E4A3B472}"
EndProject
Project("{FAE04EC0-301F-11D3-BF4B-00C04F79EFBC}") = "BAH.BOS.Business.Extension", "BAH.BOS.Business.Extension\BAH.BOS.Business.Extension.csproj", "{20228643-19F5-478F-BBC4-7F733C8CE6FB}"
EndProject
Project("{FAE04EC0-301F-11D3-BF4B-00C04F79EFBC}") = "BAH.BOS.App.ServicePlugIn", "BAH.BOS.App.ServicePlugIn\BAH.BOS.App.ServicePlugIn.csproj", "{0AA6DFB5-8216-4745-BA1A-0EC9135672AA}"
EndProject
Project("{FAE04EC0-301F-11D3-BF4B-00C04F79EFBC}") = "BAH.BOS.Business.PlugIn", "BAH.BOS.Business.PlugIn\BAH.BOS.Business.PlugIn.csproj", "{2F371A67-9407-410B-86AA-BFE18C81D98D}"
EndProject
Global
	GlobalSection(SolutionConfigurationPlatforms) = preSolution
		Debug|Any CPU = Debug|Any CPU
		Release|Any CPU = Release|Any CPU
	EndGlobalSection
	GlobalSection(ProjectConfigurationPlatforms) = postSolution
		{FFCCD361-FE4B-4D7E-AC0C-F34E7DD88265}.Debug|Any CPU.ActiveCfg = Debug|Any CPU
		{FFCCD361-FE4B-4D7E-AC0C-F34E7DD88265}.Debug|Any CPU.Build.0 = Debug|Any CPU
		{FFCCD361-FE4B-4D7E-AC0C-F34E7DD88265}.Release|Any CPU.ActiveCfg = Release|Any CPU
		{FFCCD361-FE4B-4D7E-AC0C-F34E7DD88265}.Release|Any CPU.Build.0 = Release|Any CPU
		{FC1D4EA0-41E9-4AB0-8297-1E33CA0D3631}.Debug|Any CPU.ActiveCfg = Debug|Any CPU
		{FC1D4EA0-41E9-4AB0-8297-1E33CA0D3631}.Debug|Any CPU.Build.0 = Debug|Any CPU
		{FC1D4EA0-41E9-4AB0-8297-1E33CA0D3631}.Release|Any CPU.ActiveCfg = Release|Any CPU
		{FC1D4EA0-41E9-4AB0-8297-1E33CA0D3631}.Release|Any CPU.Build.0 = Release|Any CPU
		{772A1320-7545-44A1-AB77-E8FF01760FAE}.Debug|Any CPU.ActiveCfg = Debug|Any CPU
		{772A1320-7545-44A1-AB77-E8FF01760FAE}.Debug|Any CPU.Build.0 = Debug|Any CPU
		{772A1320-7545-44A1-AB77-E8FF01760FAE}.Release|Any CPU.ActiveCfg = Release|Any CPU
		{772A1320-7545-44A1-AB77-E8FF01760FAE}.Release|Any CPU.Build.0 = Release|Any CPU
		{252B376D-C9FB-4059-9D8F-E097EAAC3490}.Debug|Any CPU.ActiveCfg = Debug|Any CPU
		{252B376D-C9FB-4059-9D8F-E097EAAC3490}.Debug|Any CPU.Build.0 = Debug|Any CPU
		{252B376D-C9FB-4059-9D8F-E097EAAC3490}.Release|Any CPU.ActiveCfg = Release|Any CPU
		{252B376D-C9FB-4059-9D8F-E097EAAC3490}.Release|Any CPU.Build.0 = Release|Any CPU
		{74B1F6BC-3C44-49CB-9C43-E22D05CF7839}.Debug|Any CPU.ActiveCfg = Debug|Any CPU
		{74B1F6BC-3C44-49CB-9C43-E22D05CF7839}.Debug|Any CPU.Build.0 = Debug|Any CPU
		{74B1F6BC-3C44-49CB-9C43-E22D05CF7839}.Release|Any CPU.ActiveCfg = Release|Any CPU
		{74B1F6BC-3C44-49CB-9C43-E22D05CF7839}.Release|Any CPU.Build.0 = Release|Any CPU
		{329853EF-E77F-4329-99E8-E6F1E4A3B472}.Debug|Any CPU.ActiveCfg = Debug|Any CPU
		{329853EF-E77F-4329-99E8-E6F1E4A3B472}.Debug|Any CPU.Build.0 = Debug|Any CPU
		{329853EF-E77F-4329-99E8-E6F1E4A3B472}.Release|Any CPU.ActiveCfg = Release|Any CPU
		{329853EF-E77F-4329-99E8-E6F1E4A3B472}.Release|Any CPU.Build.0 = Release|Any CPU
		{20228643-19F5-478F-BBC4-7F733C8CE6FB}.Debug|Any CPU.ActiveCfg = Debug|Any CPU
		{20228643-19F5-478F-BBC4-7F733C8CE6FB}.Debug|Any CPU.Build.0 = Debug|Any CPU
		{20228643-19F5-478F-BBC4-7F733C8CE6FB}.Release|Any CPU.ActiveCfg = Release|Any CPU
		{20228643-19F5-478F-BBC4-7F733C8CE6FB}.Release|Any CPU.Build.0 = Release|Any CPU
		{0AA6DFB5-8216-4745-BA1A-0EC9135672AA}.Debug|Any CPU.ActiveCfg = Debug|Any CPU
		{0AA6DFB5-8216-4745-BA1A-0EC9135672AA}.Debug|Any CPU.Build.0 = Debug|Any CPU
		{0AA6DFB5-8216-4745-BA1A-0EC9135672AA}.Release|Any CPU.ActiveCfg = Release|Any CPU
		{0AA6DFB5-8216-4745-BA1A-0EC9135672AA}.Release|Any CPU.Build.0 = Release|Any CPU
		{2F371A67-9407-410B-86AA-BFE18C81D98D}.Debug|Any CPU.ActiveCfg = Debug|Any CPU
		{2F371A67-9407-410B-86AA-BFE18C81D98D}.Debug|Any CPU.Build.0 = Debug|Any CPU
		{2F371A67-9407-410B-86AA-BFE18C81D98D}.Release|Any CPU.ActiveCfg = Release|Any CPU
		{2F371A67-9407-410B-86AA-BFE18C81D98D}.Release|Any CPU.Build.0 = Release|Any CPU
	EndGlobalSection
	GlobalSection(SolutionProperties) = preSolution
		HideSolutionNode = FALSE
	EndGlobalSection
EndGlobal
